<Solution>
  <Folder Name="/src/">
    <Project Path="src/WTF.Core/WTF.Core.fsproj" />
    <Project Path="src/WTF.Host/WTF.Host.fsproj" />
    <Project Path="src/wtfctl/wtfctl.fsproj" />
  </Folder>
  <Folder Name="/tests/">
    <Project Path="tests/WTF.Core.Tests/WTF.Core.Tests.fsproj" />
  </Folder>
</Solution>
